<Project xmlns="http://schemas.microsoft.com/developer/msbuild/2003">
    <PropertyGroup>
        <MainSource>AppA.dpr</MainSource>
        <Config Condition="'$(Config)'==''">Debug</Config>
        <Platform Condition="'$(Platform)'==''">Win32</Platform>
        <DCC_Define>FIXTURE_A;$(DCC_Define)</DCC_Define>
        <DCC_UnitSearchPath>..\Shared;$(DCC_UnitSearchPath)</DCC_UnitSearchPath>
    </PropertyGroup>
    <ItemGroup>
        <DelphiCompile Include="$(MainSource)">
            <MainSource>MainSource</MainSource>
        </DelphiCompile>
        <DCCReference Include="uAppA.pas"/>
    </ItemGroup>
</Project>
